
Microsoft Visual Studio Solution File, Format Version 12.00
# Visual Studio Version 17
VisualStudioVersion = 17.14.36310.24 d17.14
MinimumVisualStudioVersion = 10.0.40219.1
Project("{FAE04EC0-301F-11D3-BF4B-00C04F79EFBC}") = "BE30072025.ConsoleApp", "BE30072025.ConsoleApp\BE30072025.ConsoleApp.csproj", "{43C186FA-368A-45EA-B588-C404B271157D}"
EndProject
Global
	GlobalSection(SolutionConfigurationPlatforms) = preSolution
		Debug|Any CPU = Debug|Any CPU
		Release|Any CPU = Release|Any CPU
	EndGlobalSection
	GlobalSection(ProjectConfigurationPlatforms) = postSolution
		{43C186FA-368A-45EA-B588-C404B271157D}.Debug|Any CPU.ActiveCfg = Debug|Any CPU
		{43C186FA-368A-45EA-B588-C404B271157D}.Debug|Any CPU.Build.0 = Debug|Any CPU
		{43C186FA-368A-45EA-B588-C404B271157D}.Release|Any CPU.ActiveCfg = Release|Any CPU
		{43C186FA-368A-45EA-B588-C404B271157D}.Release|Any CPU.Build.0 = Release|Any CPU
	EndGlobalSection
	GlobalSection(SolutionProperties) = preSolution
		HideSolutionNode = FALSE
	EndGlobalSection
	GlobalSection(ExtensibilityGlobals) = postSolution
		SolutionGuid = {876F7B54-230C-4E45-BFB0-DBF06E9E0531}
	EndGlobalSection
EndGlobal
